{
    "_meta": {
        "hash": {
            "sha256": "283e9c0af87278d7bd9d5d37a51d1687893be5657085c8302bcecaacd1cfeff9"
        },
        "pipfile-spec": 6,
        "requires": {
            "python_version": "3.6"
        },
        "sources": [
            {
                "name": "pypi",
                "url": "https://pypi.org/simple",
                "verify_ssl": true
            }
        ]
    },
    "default": {
        "mutagen": {
            "hashes": [
                "sha256:dab6038c7f0e17c1b67fb8f56303e8be21e73ac47760f1a8e716856f1bdf5057"
            ],
            "index": "pypi",
            "version": "==1.41.0"
        }
    },
    "develop": {}
}
